
Microsoft Visual Studio Solution File, Format Version 12.00
# Visual Studio Version 17
VisualStudioVersion = 17.12.35514.174
MinimumVisualStudioVersion = 10.0.40219.1
Project("{2150E333-8FDC-42A3-9474-1A3956D46DE8}") = "Services", "Services", "{41ECBE20-A2CA-44C6-809E-6DB6835F0BB5}"
EndProject
Project("{2150E333-8FDC-42A3-9474-1A3956D46DE8}") = "Application", "Application", "{AF6C388F-7633-49D9-A0CE-0882A17453A2}"
EndProject
Project("{2150E333-8FDC-42A3-9474-1A3956D46DE8}") = "Domain", "Domain", "{ED03E0E7-9786-464A-88E5-C7C9077C377C}"
EndProject
Project("{2150E333-8FDC-42A3-9474-1A3956D46DE8}") = "Infrastructure", "Infrastructure", "{4AA8B716-110F-4456-AEDC-FD9CECBEBE9A}"
EndProject
Project("{FAE04EC0-301F-11D3-BF4B-00C04F79EFBC}") = "RestAPIDDD.API", "RestAPIDDD.API\RestAPIDDD.API.csproj", "{B96E4005-5F97-43F3-AB2A-667C20E95912}"
EndProject
Project("{FAE04EC0-301F-11D3-BF4B-00C04F79EFBC}") = "RestAPIDDD.Application", "RestAPIDDD.Application\RestAPIDDD.Application.csproj", "{060F3C8E-C51A-46CD-AB51-3785F3B95C5F}"
EndProject
Project("{FAE04EC0-301F-11D3-BF4B-00C04F79EFBC}") = "RestAPIDDD.Domain", "RestAPIDDD.Domain\RestAPIDDD.Domain.csproj", "{8FA2581D-A55D-4D9B-9941-382A931DE964}"
EndProject
Project("{FAE04EC0-301F-11D3-BF4B-00C04F79EFBC}") = "RestAPIDDD.Doamin.Core", "RestAPIDDD.Doamin.Core\RestAPIDDD.Doamin.Core.csproj", "{61083075-3E83-43BB-AC76-E5CA9702F898}"
EndProject
Project("{FAE04EC0-301F-11D3-BF4B-00C04F79EFBC}") = "RestAPIDDD.Domain.Service", "RestAPIDDD.Domain.Service\RestAPIDDD.Domain.Service.csproj", "{409488AC-542B-4439-AC4D-F073AF364D18}"
EndProject
Project("{FAE04EC0-301F-11D3-BF4B-00C04F79EFBC}") = "RestAPIDDD.Infrastructure", "RestAPIDDD.Infrastructure\RestAPIDDD.Infrastructure.csproj", "{CB9536C9-CB28-41E2-87D5-9CC9DC1D561E}"
EndProject
Project("{2150E333-8FDC-42A3-9474-1A3956D46DE8}") = "Tests", "Tests", "{7E068887-F5BA-4C09-BA33-8F47212FB3DF}"
EndProject
Project("{FAE04EC0-301F-11D3-BF4B-00C04F79EFBC}") = "RESTAPPDDD.Test", "RESTAPPDDD.Test\RESTAPPDDD.Test.csproj", "{1F4815E7-E561-40D3-93C7-FD131EEF4F2A}"
EndProject
Global
	GlobalSection(SolutionConfigurationPlatforms) = preSolution
		Debug|Any CPU = Debug|Any CPU
		Release|Any CPU = Release|Any CPU
	EndGlobalSection
	GlobalSection(ProjectConfigurationPlatforms) = postSolution
		{B96E4005-5F97-43F3-AB2A-667C20E95912}.Debug|Any CPU.ActiveCfg = Debug|Any CPU
		{B96E4005-5F97-43F3-AB2A-667C20E95912}.Debug|Any CPU.Build.0 = Debug|Any CPU
		{B96E4005-5F97-43F3-AB2A-667C20E95912}.Release|Any CPU.ActiveCfg = Release|Any CPU
		{B96E4005-5F97-43F3-AB2A-667C20E95912}.Release|Any CPU.Build.0 = Release|Any CPU
		{060F3C8E-C51A-46CD-AB51-3785F3B95C5F}.Debug|Any CPU.ActiveCfg = Debug|Any CPU
		{060F3C8E-C51A-46CD-AB51-3785F3B95C5F}.Debug|Any CPU.Build.0 = Debug|Any CPU
		{060F3C8E-C51A-46CD-AB51-3785F3B95C5F}.Release|Any CPU.ActiveCfg = Release|Any CPU
		{060F3C8E-C51A-46CD-AB51-3785F3B95C5F}.Release|Any CPU.Build.0 = Release|Any CPU
		{8FA2581D-A55D-4D9B-9941-382A931DE964}.Debug|Any CPU.ActiveCfg = Debug|Any CPU
		{8FA2581D-A55D-4D9B-9941-382A931DE964}.Debug|Any CPU.Build.0 = Debug|Any CPU
		{8FA2581D-A55D-4D9B-9941-382A931DE964}.Release|Any CPU.ActiveCfg = Release|Any CPU
		{8FA2581D-A55D-4D9B-9941-382A931DE964}.Release|Any CPU.Build.0 = Release|Any CPU
		{61083075-3E83-43BB-AC76-E5CA9702F898}.Debug|Any CPU.ActiveCfg = Debug|Any CPU
		{61083075-3E83-43BB-AC76-E5CA9702F898}.Debug|Any CPU.Build.0 = Debug|Any CPU
		{61083075-3E83-43BB-AC76-E5CA9702F898}.Release|Any CPU.ActiveCfg = Release|Any CPU
		{61083075-3E83-43BB-AC76-E5CA9702F898}.Release|Any CPU.Build.0 = Release|Any CPU
		{409488AC-542B-4439-AC4D-F073AF364D18}.Debug|Any CPU.ActiveCfg = Debug|Any CPU
		{409488AC-542B-4439-AC4D-F073AF364D18}.Debug|Any CPU.Build.0 = Debug|Any CPU
		{409488AC-542B-4439-AC4D-F073AF364D18}.Release|Any CPU.ActiveCfg = Release|Any CPU
		{409488AC-542B-4439-AC4D-F073AF364D18}.Release|Any CPU.Build.0 = Release|Any CPU
		{CB9536C9-CB28-41E2-87D5-9CC9DC1D561E}.Debug|Any CPU.ActiveCfg = Debug|Any CPU
		{CB9536C9-CB28-41E2-87D5-9CC9DC1D561E}.Debug|Any CPU.Build.0 = Debug|Any CPU
		{CB9536C9-CB28-41E2-87D5-9CC9DC1D561E}.Release|Any CPU.ActiveCfg = Release|Any CPU
		{CB9536C9-CB28-41E2-87D5-9CC9DC1D561E}.Release|Any CPU.Build.0 = Release|Any CPU
		{1F4815E7-E561-40D3-93C7-FD131EEF4F2A}.Debug|Any CPU.ActiveCfg = Debug|Any CPU
		{1F4815E7-E561-40D3-93C7-FD131EEF4F2A}.Debug|Any CPU.Build.0 = Debug|Any CPU
		{1F4815E7-E561-40D3-93C7-FD131EEF4F2A}.Release|Any CPU.ActiveCfg = Release|Any CPU
		{1F4815E7-E561-40D3-93C7-FD131EEF4F2A}.Release|Any CPU.Build.0 = Release|Any CPU
	EndGlobalSection
	GlobalSection(SolutionProperties) = preSolution
		HideSolutionNode = FALSE
	EndGlobalSection
	GlobalSection(NestedProjects) = preSolution
		{B96E4005-5F97-43F3-AB2A-667C20E95912} = {41ECBE20-A2CA-44C6-809E-6DB6835F0BB5}
		{060F3C8E-C51A-46CD-AB51-3785F3B95C5F} = {AF6C388F-7633-49D9-A0CE-0882A17453A2}
		{8FA2581D-A55D-4D9B-9941-382A931DE964} = {ED03E0E7-9786-464A-88E5-C7C9077C377C}
		{61083075-3E83-43BB-AC76-E5CA9702F898} = {ED03E0E7-9786-464A-88E5-C7C9077C377C}
		{409488AC-542B-4439-AC4D-F073AF364D18} = {ED03E0E7-9786-464A-88E5-C7C9077C377C}
		{CB9536C9-CB28-41E2-87D5-9CC9DC1D561E} = {4AA8B716-110F-4456-AEDC-FD9CECBEBE9A}
		{1F4815E7-E561-40D3-93C7-FD131EEF4F2A} = {7E068887-F5BA-4C09-BA33-8F47212FB3DF}
	EndGlobalSection
EndGlobal
